
Microsoft Visual Studio Solution File, Format Version 12.00
# Visual Studio Version 17
VisualStudioVersion = 17.4.33110.190
MinimumVisualStudioVersion = 10.0.40219.1
Project("{FAE04EC0-301F-11D3-BF4B-00C04F79EFBC}") = "testApp.Android", "testApp\testApp.Android\testApp.Android.csproj", "{655810BF-F841-4F9D-A9D3-670710F44922}"
EndProject
Project("{FAE04EC0-301F-11D3-BF4B-00C04F79EFBC}") = "testApp.iOS", "testApp\testApp.iOS\testApp.iOS.csproj", "{AAE6B5AA-ACEA-49DE-9F9B-6866F3EC3E09}"
EndProject
Project("{FAE04EC0-301F-11D3-BF4B-00C04F79EFBC}") = "testApp", "testApp\testApp\testApp.csproj", "{C9FE8DF2-267F-434F-98E1-5C47292FD5EE}"
EndProject
Global
	GlobalSection(SolutionConfigurationPlatforms) = preSolution
		Debug|Any CPU = Debug|Any CPU
		Debug|iPhone = Debug|iPhone
		Debug|iPhoneSimulator = Debug|iPhoneSimulator
		Release|Any CPU = Release|Any CPU
		Release|iPhone = Release|iPhone
		Release|iPhoneSimulator = Release|iPhoneSimulator
	EndGlobalSection
	GlobalSection(ProjectConfigurationPlatforms) = postSolution
		{655810BF-F841-4F9D-A9D3-670710F44922}.Debug|Any CPU.ActiveCfg = Debug|Any CPU
		{655810BF-F841-4F9D-A9D3-670710F44922}.Debug|Any CPU.Build.0 = Debug|Any CPU
		{655810BF-F841-4F9D-A9D3-670710F44922}.Debug|Any CPU.Deploy.0 = Debug|Any CPU
		{655810BF-F841-4F9D-A9D3-670710F44922}.Debug|iPhone.ActiveCfg = Debug|Any CPU
		{655810BF-F841-4F9D-A9D3-670710F44922}.Debug|iPhone.Build.0 = Debug|Any CPU
		{655810BF-F841-4F9D-A9D3-670710F44922}.Debug|iPhone.Deploy.0 = Debug|Any CPU
		{655810BF-F841-4F9D-A9D3-670710F44922}.Debug|iPhoneSimulator.ActiveCfg = Debug|Any CPU
		{655810BF-F841-4F9D-A9D3-670710F44922}.Debug|iPhoneSimulator.Build.0 = Debug|Any CPU
		{655810BF-F841-4F9D-A9D3-670710F44922}.Debug|iPhoneSimulator.Deploy.0 = Debug|Any CPU
		{655810BF-F841-4F9D-A9D3-670710F44922}.Release|Any CPU.ActiveCfg = Release|Any CPU
		{655810BF-F841-4F9D-A9D3-670710F44922}.Release|Any CPU.Build.0 = Release|Any CPU
		{655810BF-F841-4F9D-A9D3-670710F44922}.Release|Any CPU.Deploy.0 = Release|Any CPU
		{655810BF-F841-4F9D-A9D3-670710F44922}.Release|iPhone.ActiveCfg = Release|Any CPU
		{655810BF-F841-4F9D-A9D3-670710F44922}.Release|iPhone.Build.0 = Release|Any CPU
		{655810BF-F841-4F9D-A9D3-670710F44922}.Release|iPhone.Deploy.0 = Release|Any CPU
		{655810BF-F841-4F9D-A9D3-670710F44922}.Release|iPhoneSimulator.ActiveCfg = Release|Any CPU
		{655810BF-F841-4F9D-A9D3-670710F44922}.Release|iPhoneSimulator.Build.0 = Release|Any CPU
		{655810BF-F841-4F9D-A9D3-670710F44922}.Release|iPhoneSimulator.Deploy.0 = Release|Any CPU
		{AAE6B5AA-ACEA-49DE-9F9B-6866F3EC3E09}.Debug|Any CPU.ActiveCfg = Debug|iPhone
		{AAE6B5AA-ACEA-49DE-9F9B-6866F3EC3E09}.Debug|Any CPU.Build.0 = Debug|iPhone
		{AAE6B5AA-ACEA-49DE-9F9B-6866F3EC3E09}.Debug|Any CPU.Deploy.0 = Debug|iPhone
		{AAE6B5AA-ACEA-49DE-9F9B-6866F3EC3E09}.Debug|iPhone.ActiveCfg = Debug|iPhone
		{AAE6B5AA-ACEA-49DE-9F9B-6866F3EC3E09}.Debug|iPhone.Build.0 = Debug|iPhone
		{AAE6B5AA-ACEA-49DE-9F9B-6866F3EC3E09}.Debug|iPhone.Deploy.0 = Debug|iPhone
		{AAE6B5AA-ACEA-49DE-9F9B-6866F3EC3E09}.Debug|iPhoneSimulator.ActiveCfg = Debug|iPhoneSimulator
		{AAE6B5AA-ACEA-49DE-9F9B-6866F3EC3E09}.Debug|iPhoneSimulator.Build.0 = Debug|iPhoneSimulator
		{AAE6B5AA-ACEA-49DE-9F9B-6866F3EC3E09}.Debug|iPhoneSimulator.Deploy.0 = Debug|iPhoneSimulator
		{AAE6B5AA-ACEA-49DE-9F9B-6866F3EC3E09}.Release|Any CPU.ActiveCfg = Release|iPhoneSimulator
		{AAE6B5AA-ACEA-49DE-9F9B-6866F3EC3E09}.Release|Any CPU.Build.0 = Release|iPhoneSimulator
		{AAE6B5AA-ACEA-49DE-9F9B-6866F3EC3E09}.Release|Any CPU.Deploy.0 = Release|iPhoneSimulator
		{AAE6B5AA-ACEA-49DE-9F9B-6866F3EC3E09}.Release|iPhone.ActiveCfg = Release|iPhone
		{AAE6B5AA-ACEA-49DE-9F9B-6866F3EC3E09}.Release|iPhone.Build.0 = Release|iPhone
		{AAE6B5AA-ACEA-49DE-9F9B-6866F3EC3E09}.Release|iPhone.Deploy.0 = Release|iPhone
		{AAE6B5AA-ACEA-49DE-9F9B-6866F3EC3E09}.Release|iPhoneSimulator.ActiveCfg = Release|iPhoneSimulator
		{AAE6B5AA-ACEA-49DE-9F9B-6866F3EC3E09}.Release|iPhoneSimulator.Build.0 = Release|iPhoneSimulator
		{AAE6B5AA-ACEA-49DE-9F9B-6866F3EC3E09}.Release|iPhoneSimulator.Deploy.0 = Release|iPhoneSimulator
		{C9FE8DF2-267F-434F-98E1-5C47292FD5EE}.Debug|Any CPU.ActiveCfg = Debug|Any CPU
		{C9FE8DF2-267F-434F-98E1-5C47292FD5EE}.Debug|Any CPU.Build.0 = Debug|Any CPU
		{C9FE8DF2-267F-434F-98E1-5C47292FD5EE}.Debug|Any CPU.Deploy.0 = Debug|Any CPU
		{C9FE8DF2-267F-434F-98E1-5C47292FD5EE}.Debug|iPhone.ActiveCfg = Debug|Any CPU
		{C9FE8DF2-267F-434F-98E1-5C47292FD5EE}.Debug|iPhone.Build.0 = Debug|Any CPU
		{C9FE8DF2-267F-434F-98E1-5C47292FD5EE}.Debug|iPhone.Deploy.0 = Debug|Any CPU
		{C9FE8DF2-267F-434F-98E1-5C47292FD5EE}.Debug|iPhoneSimulator.ActiveCfg = Debug|Any CPU
		{C9FE8DF2-267F-434F-98E1-5C47292FD5EE}.Debug|iPhoneSimulator.Build.0 = Debug|Any CPU
		{C9FE8DF2-267F-434F-98E1-5C47292FD5EE}.Debug|iPhoneSimulator.Deploy.0 = Debug|Any CPU
		{C9FE8DF2-267F-434F-98E1-5C47292FD5EE}.Release|Any CPU.ActiveCfg = Release|Any CPU
		{C9FE8DF2-267F-434F-98E1-5C47292FD5EE}.Release|Any CPU.Build.0 = Release|Any CPU
		{C9FE8DF2-267F-434F-98E1-5C47292FD5EE}.Release|Any CPU.Deploy.0 = Release|Any CPU
		{C9FE8DF2-267F-434F-98E1-5C47292FD5EE}.Release|iPhone.ActiveCfg = Release|Any CPU
		{C9FE8DF2-267F-434F-98E1-5C47292FD5EE}.Release|iPhone.Build.0 = Release|Any CPU
		{C9FE8DF2-267F-434F-98E1-5C47292FD5EE}.Release|iPhone.Deploy.0 = Release|Any CPU
		{C9FE8DF2-267F-434F-98E1-5C47292FD5EE}.Release|iPhoneSimulator.ActiveCfg = Release|Any CPU
		{C9FE8DF2-267F-434F-98E1-5C47292FD5EE}.Release|iPhoneSimulator.Build.0 = Release|Any CPU
		{C9FE8DF2-267F-434F-98E1-5C47292FD5EE}.Release|iPhoneSimulator.Deploy.0 = Release|Any CPU
	EndGlobalSection
	GlobalSection(SolutionProperties) = preSolution
		HideSolutionNode = FALSE
	EndGlobalSection
	GlobalSection(ExtensibilityGlobals) = postSolution
		SolutionGuid = {51C35123-C313-4950-8FEF-CE741D48E3C5}
	EndGlobalSection
EndGlobal
